
Microsoft Visual Studio Solution File, Format Version 12.00
# Visual Studio Version 17
VisualStudioVersion = 17.10.34928.147
MinimumVisualStudioVersion = 10.0.40219.1
Project("{8BC9CEB8-8B4A-11D0-8D11-00A0C91BC942}") = "TradingSystem", "TradingSystem\TradingSystem.vcxproj", "{018C91F6-9AA2-4036-B40A-CB97C15C3DDC}"
EndProject
Project("{2150E333-8FDC-42A3-9474-1A3956D46DE8}") = "솔루션 항목", "솔루션 항목", "{2E8EA991-4D12-4595-913F-61F66CE83AAF}"
	ProjectSection(SolutionItems) = preProject
		.gitignore = .gitignore
	EndProjectSection
EndProject
Global
	GlobalSection(SolutionConfigurationPlatforms) = preSolution
		Debug|x64 = Debug|x64
		Debug|x86 = Debug|x86
		Release|x64 = Release|x64
		Release|x86 = Release|x86
	EndGlobalSection
	GlobalSection(ProjectConfigurationPlatforms) = postSolution
		{018C91F6-9AA2-4036-B40A-CB97C15C3DDC}.Debug|x64.ActiveCfg = Debug|x64
		{018C91F6-9AA2-4036-B40A-CB97C15C3DDC}.Debug|x64.Build.0 = Debug|x64
		{018C91F6-9AA2-4036-B40A-CB97C15C3DDC}.Debug|x86.ActiveCfg = Debug|Win32
		{018C91F6-9AA2-4036-B40A-CB97C15C3DDC}.Debug|x86.Build.0 = Debug|Win32
		{018C91F6-9AA2-4036-B40A-CB97C15C3DDC}.Release|x64.ActiveCfg = Release|x64
		{018C91F6-9AA2-4036-B40A-CB97C15C3DDC}.Release|x64.Build.0 = Release|x64
		{018C91F6-9AA2-4036-B40A-CB97C15C3DDC}.Release|x86.ActiveCfg = Release|Win32
		{018C91F6-9AA2-4036-B40A-CB97C15C3DDC}.Release|x86.Build.0 = Release|Win32
	EndGlobalSection
	GlobalSection(SolutionProperties) = preSolution
		HideSolutionNode = FALSE
	EndGlobalSection
	GlobalSection(ExtensibilityGlobals) = postSolution
		SolutionGuid = {924504D6-428E-4720-80D8-6206093EDA68}
	EndGlobalSection
EndGlobal
